
Microsoft Visual Studio Solution File, Format Version 12.00
# Visual Studio Version 16
VisualStudioVersion = 16.0.29418.71
MinimumVisualStudioVersion = 10.0.40219.1
Project("{FAE04EC0-301F-11D3-BF4B-00C04F79EFBC}") = "WebApplication3", "WebApplication3\WebApplication3.csproj", "{9AC0D291-FD26-49D2-ADE1-14EC82BD4F45}"
EndProject
Project("{FAE04EC0-301F-11D3-BF4B-00C04F79EFBC}") = "BLL", "BLL\BLL.csproj", "{86BFB58E-0C22-4296-A6C3-288FFCA45630}"
EndProject
Project("{FAE04EC0-301F-11D3-BF4B-00C04F79EFBC}") = "DAL", "DAL\DAL.csproj", "{47FAABF3-BFDE-4203-8068-ED6065523BD1}"
EndProject
Global
	GlobalSection(SolutionConfigurationPlatforms) = preSolution
		Debug|Any CPU = Debug|Any CPU
		Release|Any CPU = Release|Any CPU
	EndGlobalSection
	GlobalSection(ProjectConfigurationPlatforms) = postSolution
		{9AC0D291-FD26-49D2-ADE1-14EC82BD4F45}.Debug|Any CPU.ActiveCfg = Debug|Any CPU
		{9AC0D291-FD26-49D2-ADE1-14EC82BD4F45}.Debug|Any CPU.Build.0 = Debug|Any CPU
		{9AC0D291-FD26-49D2-ADE1-14EC82BD4F45}.Release|Any CPU.ActiveCfg = Release|Any CPU
		{9AC0D291-FD26-49D2-ADE1-14EC82BD4F45}.Release|Any CPU.Build.0 = Release|Any CPU
		{86BFB58E-0C22-4296-A6C3-288FFCA45630}.Debug|Any CPU.ActiveCfg = Debug|Any CPU
		{86BFB58E-0C22-4296-A6C3-288FFCA45630}.Debug|Any CPU.Build.0 = Debug|Any CPU
		{86BFB58E-0C22-4296-A6C3-288FFCA45630}.Release|Any CPU.ActiveCfg = Release|Any CPU
		{86BFB58E-0C22-4296-A6C3-288FFCA45630}.Release|Any CPU.Build.0 = Release|Any CPU
		{47FAABF3-BFDE-4203-8068-ED6065523BD1}.Debug|Any CPU.ActiveCfg = Debug|Any CPU
		{47FAABF3-BFDE-4203-8068-ED6065523BD1}.Debug|Any CPU.Build.0 = Debug|Any CPU
		{47FAABF3-BFDE-4203-8068-ED6065523BD1}.Release|Any CPU.ActiveCfg = Release|Any CPU
		{47FAABF3-BFDE-4203-8068-ED6065523BD1}.Release|Any CPU.Build.0 = Release|Any CPU
	EndGlobalSection
	GlobalSection(SolutionProperties) = preSolution
		HideSolutionNode = FALSE
	EndGlobalSection
	GlobalSection(ExtensibilityGlobals) = postSolution
		SolutionGuid = {A27FCE92-5C9F-47BC-A960-5B4B668C313E}
	EndGlobalSection
EndGlobal
